
Microsoft Visual Studio Solution File, Format Version 12.00
# Visual Studio Version 17
VisualStudioVersion = 17.3.32922.545
MinimumVisualStudioVersion = 10.0.40219.1
Project("{9A19103F-16F7-4668-BE54-9A1E7A4F7556}") = "MusicMarket", "MusicMarket\MusicMarket.csproj", "{9D7A775F-3F26-47B3-AB28-A4D1A49D95E7}"
EndProject
Global
	GlobalSection(SolutionConfigurationPlatforms) = preSolution
		Debug|Any CPU = Debug|Any CPU
		Release|Any CPU = Release|Any CPU
	EndGlobalSection
	GlobalSection(ProjectConfigurationPlatforms) = postSolution
		{9D7A775F-3F26-47B3-AB28-A4D1A49D95E7}.Debug|Any CPU.ActiveCfg = Debug|Any CPU
		{9D7A775F-3F26-47B3-AB28-A4D1A49D95E7}.Debug|Any CPU.Build.0 = Debug|Any CPU
		{9D7A775F-3F26-47B3-AB28-A4D1A49D95E7}.Release|Any CPU.ActiveCfg = Release|Any CPU
		{9D7A775F-3F26-47B3-AB28-A4D1A49D95E7}.Release|Any CPU.Build.0 = Release|Any CPU
	EndGlobalSection
	GlobalSection(SolutionProperties) = preSolution
		HideSolutionNode = FALSE
	EndGlobalSection
	GlobalSection(ExtensibilityGlobals) = postSolution
		SolutionGuid = {093540BF-F0E8-45C8-9176-EF2BD1FD330A}
	EndGlobalSection
EndGlobal
